{
  "name": "tokensleft",
  "version": "0.8.3",
  "lockfileVersion": 3,
  "requires": true,
  "packages": {
    "": {
      "name": "tokensleft",
      "version": "0.8.3",
      "license": "MIT",
      "dependencies": {
        "blessed": "^0.1.81",
        "undici": "^8.9.0"
      },
      "bin": {
        "tokensleft": "bin/tokensleft.js"
      },
      "engines": {
        "node": ">=20.18.1"
      }
    },
    "node_modules/blessed": {
      "version": "0.1.81",
      "resolved": "https://registry.npmjs.org/blessed/-/blessed-0.1.81.tgz",
      "integrity": "sha512-LoF5gae+hlmfORcG1M5+5XZi4LBmvlXTzwJWzUlPryN/SJdSflZvROM2TwkT0GMpq7oqT48NRd4GS7BiVBc5OQ==",
      "license": "MIT",
      "bin": {
        "blessed": "bin/tput.js"
      },
      "engines": {
        "node": ">= 0.8.0"
      }
    },
    "node_modules/undici": {
      "version": "8.9.0",
      "resolved": "https://registry.npmjs.org/undici/-/undici-8.9.0.tgz",
      "integrity": "sha512-aWZpUj7XoGonMClx4gdDRfgBjqeA+F473aDmROQQbM9n6PRfK/u1q/a0X4wMTgcHfT8H6fpbt98PFuDUwFg2YA==",
      "license": "MIT",
      "engines": {
        "node": ">=22.19.0"
      }
    }
  }
}
